
Microsoft Visual Studio Solution File, Format Version 12.00
# Visual Studio Version 17
VisualStudioVersion = 17.4.33110.190
MinimumVisualStudioVersion = 10.0.40219.1
Project("{FAE04EC0-301F-11D3-BF4B-00C04F79EFBC}") = "Abstraction", "Abstraction.csproj", "{1E66331C-1FB3-4F19-A824-73429533C64A}"
EndProject
Global
	GlobalSection(SolutionConfigurationPlatforms) = preSolution
		Debug|Any CPU = Debug|Any CPU
		Release|Any CPU = Release|Any CPU
	EndGlobalSection
	GlobalSection(ProjectConfigurationPlatforms) = postSolution
		{1E66331C-1FB3-4F19-A824-73429533C64A}.Debug|Any CPU.ActiveCfg = Debug|Any CPU
		{1E66331C-1FB3-4F19-A824-73429533C64A}.Debug|Any CPU.Build.0 = Debug|Any CPU
		{1E66331C-1FB3-4F19-A824-73429533C64A}.Release|Any CPU.ActiveCfg = Release|Any CPU
		{1E66331C-1FB3-4F19-A824-73429533C64A}.Release|Any CPU.Build.0 = Release|Any CPU
	EndGlobalSection
	GlobalSection(SolutionProperties) = preSolution
		HideSolutionNode = FALSE
	EndGlobalSection
	GlobalSection(ExtensibilityGlobals) = postSolution
		SolutionGuid = {A7B23FC1-9096-4564-9BAB-B4EC9BDCA5B6}
	EndGlobalSection
EndGlobal
